// !$*UTF8*$!
{
	archiveVersion = 1;
	classes = {
	};
	objectVersion = 56;
	objects = {

/* Begin PBXBuildFile section */
		AA64DDD52B8680020049476C /* AppDelegate.swift in Sources */ = {isa = PBXBuildFile; fileRef = AA64DDD42B8680020049476C /* AppDelegate.swift */; };
		AA64DDD72B8680020049476C /* SceneDelegate.swift in Sources */ = {isa = PBXBuildFile; fileRef = AA64DDD62B8680020049476C /* SceneDelegate.swift */; };
		AA64DDD92B8680020049476C /* HomeVC.swift in Sources */ = {isa = PBXBuildFile; fileRef = AA64DDD82B8680020049476C /* HomeVC.swift */; };
		AA64DDDE2B8680020049476C /* Assets.xcassets in Resources */ = {isa = PBXBuildFile; fileRef = AA64DDDD2B8680020049476C /* Assets.xcassets */; };
		AA64DDE12B8680020049476C /* LaunchScreen.storyboard in Resources */ = {isa = PBXBuildFile; fileRef = AA64DDDF2B8680020049476C /* LaunchScreen.storyboard */; };
		AA8EFFD22B871F8500C972EC /* StoryTableCell.swift in Sources */ = {isa = PBXBuildFile; fileRef = AA8EFFD12B871F8500C972EC /* StoryTableCell.swift */; };
		AA8EFFD42B87202C00C972EC /* PostTableCell.swift in Sources */ = {isa = PBXBuildFile; fileRef = AA8EFFD32B87202C00C972EC /* PostTableCell.swift */; };
		AA8EFFD62B8731B600C972EC /* StoryItemCollectionCell.swift in Sources */ = {isa = PBXBuildFile; fileRef = AA8EFFD52B8731B600C972EC /* StoryItemCollectionCell.swift */; };
		AA8EFFD82B87437500C972EC /* LogoView.swift in Sources */ = {isa = PBXBuildFile; fileRef = AA8EFFD72B87437500C972EC /* LogoView.swift */; };
		AAA0BB6C2B86824A003647C4 /* SnapKit in Frameworks */ = {isa = PBXBuildFile; productRef = AAA0BB6B2B86824A003647C4 /* SnapKit */; };
/* End PBXBuildFile section */

/* Begin PBXFileReference section */
		AA64DDD12B8680020049476C /* InstagramHomeUISnapkit.app */ = {isa = PBXFileReference; explicitFileType = wrapper.application; includeInIndex = 0; path = InstagramHomeUISnapkit.app; sourceTree = BUILT_PRODUCTS_DIR; };
		AA64DDD42B8680020049476C /* AppDelegate.swift */ = {isa = PBXFileReference; lastKnownFileType = sourcecode.swift; path = AppDelegate.swift; sourceTree = "<group>"; };
		AA64DDD62B8680020049476C /* SceneDelegate.swift */ = {isa = PBXFileReference; lastKnownFileType = sourcecode.swift; path = SceneDelegate.swift; sourceTree = "<group>"; };
		AA64DDD82B8680020049476C /* HomeVC.swift */ = {isa = PBXFileReference; lastKnownFileType = sourcecode.swift; path = HomeVC.swift; sourceTree = "<group>"; };
		AA64DDDD2B8680020049476C /* Assets.xcassets */ = {isa = PBXFileReference; lastKnownFileType = folder.assetcatalog; path = Assets.xcassets; sourceTree = "<group>"; };
		AA64DDE02B8680020049476C /* Base */ = {isa = PBXFileReference; lastKnownFileType = file.storyboard; name = Base; path = Base.lproj/LaunchScreen.storyboard; sourceTree = "<group>"; };
		AA64DDE22B8680020049476C /* Info.plist */ = {isa = PBXFileReference; lastKnownFileType = text.plist.xml; path = Info.plist; sourceTree = "<group>"; };
		AA8EFFD12B871F8500C972EC /* StoryTableCell.swift */ = {isa = PBXFileReference; lastKnownFileType = sourcecode.swift; path = StoryTableCell.swift; sourceTree = "<group>"; };
		AA8EFFD32B87202C00C972EC /* PostTableCell.swift */ = {isa = PBXFileReference; lastKnownFileType = sourcecode.swift; path = PostTableCell.swift; sourceTree = "<group>"; };
		AA8EFFD52B8731B600C972EC /* StoryItemCollectionCell.swift */ = {isa = PBXFileReference; lastKnownFileType = sourcecode.swift; path = StoryItemCollectionCell.swift; sourceTree = "<group>"; };
		AA8EFFD72B87437500C972EC /* LogoView.swift */ = {isa = PBXFileReference; lastKnownFileType = sourcecode.swift; path = LogoView.swift; sourceTree = "<group>"; };
/* End PBXFileReference section */

/* Begin PBXFrameworksBuildPhase section */
		AA64DDCE2B8680020049476C /* Frameworks */ = {
			isa = PBXFrameworksBuildPhase;
			buildActionMask = 2147483647;
			files = (
				AAA0BB6C2B86824A003647C4 /* SnapKit in Frameworks */,
			);
			runOnlyForDeploymentPostprocessing = 0;
		};
/* End PBXFrameworksBuildPhase section */

/* Begin PBXGroup section */
		AA64DDC82B8680020049476C = {
			isa = PBXGroup;
			children = (
				AA64DDD32B8680020049476C /* InstagramHomeUISnapkit */,
				AA64DDD22B8680020049476C /* Products */,
			);
			sourceTree = "<group>";
		};
		AA64DDD22B8680020049476C /* Products */ = {
			isa = PBXGroup;
			children = (
				AA64DDD12B8680020049476C /* InstagramHomeUISnapkit.app */,
			);
			name = Products;
			sourceTree = "<group>";
		};
		AA64DDD32B8680020049476C /* InstagramHomeUISnapkit */ = {
			isa = PBXGroup;
			children = (
				AAA0BB682B86807A003647C4 /* Scenes */,
				AAA0BB672B868073003647C4 /* Resources */,
			);
			path = InstagramHomeUISnapkit;
			sourceTree = "<group>";
		};
		AAA0BB672B868073003647C4 /* Resources */ = {
			isa = PBXGroup;
			children = (
				AA64DDDD2B8680020049476C /* Assets.xcassets */,
				AA64DDDF2B8680020049476C /* LaunchScreen.storyboard */,
				AA64DDE22B8680020049476C /* Info.plist */,
			);
			path = Resources;
			sourceTree = "<group>";
		};
		AAA0BB682B86807A003647C4 /* Scenes */ = {
			isa = PBXGroup;
			children = (
				AAA0BB692B868210003647C4 /* Cells */,
				AA64DDD42B8680020049476C /* AppDelegate.swift */,
				AA64DDD62B8680020049476C /* SceneDelegate.swift */,
				AA64DDD82B8680020049476C /* HomeVC.swift */,
				AA8EFFD72B87437500C972EC /* LogoView.swift */,
			);
			path = Scenes;
			sourceTree = "<group>";
		};
		AAA0BB692B868210003647C4 /* Cells */ = {
			isa = PBXGroup;
			children = (
				AA8EFFD12B871F8500C972EC /* StoryTableCell.swift */,
				AA8EFFD32B87202C00C972EC /* PostTableCell.swift */,
				AA8EFFD52B8731B600C972EC /* StoryItemCollectionCell.swift */,
			);
			path = Cells;
			sourceTree = "<group>";
		};
/* End PBXGroup section */

/* Begin PBXNativeTarget section */
		AA64DDD02B8680020049476C /* InstagramHomeUISnapkit */ = {
			isa = PBXNativeTarget;
			buildConfigurationList = AA64DDE52B8680020049476C /* Build configuration list for PBXNativeTarget "InstagramHomeUISnapkit" */;
			buildPhases = (
				AA64DDCD2B8680020049476C /* Sources */,
				AA64DDCE2B8680020049476C /* Frameworks */,
				AA64DDCF2B8680020049476C /* Resources */,
			);
			buildRules = (
			);
			dependencies = (
			);
			name = InstagramHomeUISnapkit;
			packageProductDependencies = (
				AAA0BB6B2B86824A003647C4 /* SnapKit */,
			);
			productName = InstagramHomeUISnapkit;
			productReference = AA64DDD12B8680020049476C /* InstagramHomeUISnapkit.app */;
			productType = "com.apple.product-type.application";
		};
/* End PBXNativeTarget section */

/* Begin PBXProject section */
		AA64DDC92B8680020049476C /* Project object */ = {
			isa = PBXProject;
			attributes = {
				BuildIndependentTargetsInParallel = 1;
				LastSwiftUpdateCheck = 1430;
				LastUpgradeCheck = 1430;
				TargetAttributes = {
					AA64DDD02B8680020049476C = {
						CreatedOnToolsVersion = 14.3.1;
					};
				};
			};
			buildConfigurationList = AA64DDCC2B8680020049476C /* Build configuration list for PBXProject "InstagramHomeUISnapkit" */;
			compatibilityVersion = "Xcode 14.0";
			developmentRegion = en;
			hasScannedForEncodings = 0;
			knownRegions = (
				en,
				Base,
			);
			mainGroup = AA64DDC82B8680020049476C;
			packageReferences = (
				AAA0BB6A2B86824A003647C4 /* XCRemoteSwiftPackageReference "SnapKit" */,
			);
			productRefGroup = AA64DDD22B8680020049476C /* Products */;
			projectDirPath = "";
			projectRoot = "";
			targets = (
				AA64DDD02B8680020049476C /* InstagramHomeUISnapkit */,
			);
		};
/* End PBXProject section */

/* Begin PBXResourcesBuildPhase section */
		AA64DDCF2B8680020049476C /* Resources */ = {
			isa = PBXResourcesBuildPhase;
			buildActionMask = 2147483647;
			files = (
				AA64DDE12B8680020049476C /* LaunchScreen.storyboard in Resources */,
				AA64DDDE2B8680020049476C /* Assets.xcassets in Resources */,
			);
			runOnlyForDeploymentPostprocessing = 0;
		};
/* End PBXResourcesBuildPhase section */

/* Begin PBXSourcesBuildPhase section */
		AA64DDCD2B8680020049476C /* Sources */ = {
			isa = PBXSourcesBuildPhase;
			buildActionMask = 2147483647;
			files = (
				AA8EFFD42B87202C00C972EC /* PostTableCell.swift in Sources */,
				AA8EFFD22B871F8500C972EC /* StoryTableCell.swift in Sources */,
				AA8EFFD62B8731B600C972EC /* StoryItemCollectionCell.swift in Sources */,
				AA64DDD92B8680020049476C /* HomeVC.swift in Sources */,
				AA8EFFD82B87437500C972EC /* LogoView.swift in Sources */,
				AA64DDD52B8680020049476C /* AppDelegate.swift in Sources */,
				AA64DDD72B8680020049476C /* SceneDelegate.swift in Sources */,
			);
			runOnlyForDeploymentPostprocessing = 0;
		};
/* End PBXSourcesBuildPhase section */

/* Begin PBXVariantGroup section */
		AA64DDDF2B8680020049476C /* LaunchScreen.storyboard */ = {
			isa = PBXVariantGroup;
			children = (
				AA64DDE02B8680020049476C /* Base */,
			);
			name = LaunchScreen.storyboard;
			sourceTree = "<group>";
		};
/* End PBXVariantGroup section */

/* Begin XCBuildConfiguration section */
		AA64DDE32B8680020049476C /* Debug */ = {
			isa = XCBuildConfiguration;
			buildSettings = {
				ALWAYS_SEARCH_USER_PATHS = NO;
				CLANG_ANALYZER_NONNULL = YES;
				CLANG_ANALYZER_NUMBER_OBJECT_CONVERSION = YES_AGGRESSIVE;
				CLANG_CXX_LANGUAGE_STANDARD = "gnu++20";
				CLANG_ENABLE_MODULES = YES;
				CLANG_ENABLE_OBJC_ARC = YES;
				CLANG_ENABLE_OBJC_WEAK = YES;
				CLANG_WARN_BLOCK_CAPTURE_AUTORELEASING = YES;
				CLANG_WARN_BOOL_CONVERSION = YES;
				CLANG_WARN_COMMA = YES;
				CLANG_WARN_CONSTANT_CONVERSION = YES;
				CLANG_WARN_DEPRECATED_OBJC_IMPLEMENTATIONS = YES;
				CLANG_WARN_DIRECT_OBJC_ISA_USAGE = YES_ERROR;
				CLANG_WARN_DOCUMENTATION_COMMENTS = YES;
				CLANG_WARN_EMPTY_BODY = YES;
				CLANG_WARN_ENUM_CONVERSION = YES;
				CLANG_WARN_INFINITE_RECURSION = YES;
				CLANG_WARN_INT_CONVERSION = YES;
				CLANG_WARN_NON_LITERAL_NULL_CONVERSION = YES;
				CLANG_WARN_OBJC_IMPLICIT_RETAIN_SELF = YES;
				CLANG_WARN_OBJC_LITERAL_CONVERSION = YES;
				CLANG_WARN_OBJC_ROOT_CLASS = YES_ERROR;
				CLANG_WARN_QUOTED_INCLUDE_IN_FRAMEWORK_HEADER = YES;
				CLANG_WARN_RANGE_LOOP_ANALYSIS = YES;
				CLANG_WARN_STRICT_PROTOTYPES = YES;
				CLANG_WARN_SUSPICIOUS_MOVE = YES;
				CLANG_WARN_UNGUARDED_AVAILABILITY = YES_AGGRESSIVE;
				CLANG_WARN_UNREACHABLE_CODE = YES;
				CLANG_WARN__DUPLICATE_METHOD_MATCH = YES;
				COPY_PHASE_STRIP = NO;
				DEBUG_INFORMATION_FORMAT = dwarf;
				ENABLE_STRICT_OBJC_MSGSEND = YES;
				ENABLE_TESTABILITY = YES;
				GCC_C_LANGUAGE_STANDARD = gnu11;
				GCC_DYNAMIC_NO_PIC = NO;
				GCC_NO_COMMON_BLOCKS = YES;
				GCC_OPTIMIZATION_LEVEL = 0;
				GCC_PREPROCESSOR_DEFINITIONS = (
					"DEBUG=1",
					"$(inherited)",
				);
				GCC_WARN_64_TO_32_BIT_CONVERSION = YES;
				GCC_WARN_ABOUT_RETURN_TYPE = YES_ERROR;
				GCC_WARN_UNDECLARED_SELECTOR = YES;
				GCC_WARN_UNINITIALIZED_AUTOS = YES_AGGRESSIVE;
				GCC_WARN_UNUSED_FUNCTION = YES;
				GCC_WARN_UNUSED_VARIABLE = YES;
				IPHONEOS_DEPLOYMENT_TARGET = 16.4;
				MTL_ENABLE_DEBUG_INFO = INCLUDE_SOURCE;
				MTL_FAST_MATH = YES;
				ONLY_ACTIVE_ARCH = YES;
				SDKROOT = iphoneos;
				SWIFT_ACTIVE_COMPILATION_CONDITIONS = DEBUG;
				SWIFT_OPTIMIZATION_LEVEL = "-Onone";
			};
			name = Debug;
		};
		AA64DDE42B8680020049476C /* Release */ = {
			isa = XCBuildConfiguration;
			buildSettings = {
				ALWAYS_SEARCH_USER_PATHS = NO;
				CLANG_ANALYZER_NONNULL = YES;
				CLANG_ANALYZER_NUMBER_OBJECT_CONVERSION = YES_AGGRESSIVE;
				CLANG_CXX_LANGUAGE_STANDARD = "gnu++20";
				CLANG_ENABLE_MODULES = YES;
				CLANG_ENABLE_OBJC_ARC = YES;
				CLANG_ENABLE_OBJC_WEAK = YES;
				CLANG_WARN_BLOCK_CAPTURE_AUTORELEASING = YES;
				CLANG_WARN_BOOL_CONVERSION = YES;
				CLANG_WARN_COMMA = YES;
				CLANG_WARN_CONSTANT_CONVERSION = YES;
				CLANG_WARN_DEPRECATED_OBJC_IMPLEMENTATIONS = YES;
				CLANG_WARN_DIRECT_OBJC_ISA_USAGE = YES_ERROR;
				CLANG_WARN_DOCUMENTATION_COMMENTS = YES;
				CLANG_WARN_EMPTY_BODY = YES;
				CLANG_WARN_ENUM_CONVERSION = YES;
				CLANG_WARN_INFINITE_RECURSION = YES;
				CLANG_WARN_INT_CONVERSION = YES;
				CLANG_WARN_NON_LITERAL_NULL_CONVERSION = YES;
				CLANG_WARN_OBJC_IMPLICIT_RETAIN_SELF = YES;
				CLANG_WARN_OBJC_LITERAL_CONVERSION = YES;
				CLANG_WARN_OBJC_ROOT_CLASS = YES_ERROR;
				CLANG_WARN_QUOTED_INCLUDE_IN_FRAMEWORK_HEADER = YES;
				CLANG_WARN_RANGE_LOOP_ANALYSIS = YES;
				CLANG_WARN_STRICT_PROTOTYPES = YES;
				CLANG_WARN_SUSPICIOUS_MOVE = YES;
				CLANG_WARN_UNGUARDED_AVAILABILITY = YES_AGGRESSIVE;
				CLANG_WARN_UNREACHABLE_CODE = YES;
				CLANG_WARN__DUPLICATE_METHOD_MATCH = YES;
				COPY_PHASE_STRIP = NO;
				DEBUG_INFORMATION_FORMAT = "dwarf-with-dsym";
				ENABLE_NS_ASSERTIONS = NO;
				ENABLE_STRICT_OBJC_MSGSEND = YES;
				GCC_C_LANGUAGE_STANDARD = gnu11;
				GCC_NO_COMMON_BLOCKS = YES;
				GCC_WARN_64_TO_32_BIT_CONVERSION = YES;
				GCC_WARN_ABOUT_RETURN_TYPE = YES_ERROR;
				GCC_WARN_UNDECLARED_SELECTOR = YES;
				GCC_WARN_UNINITIALIZED_AUTOS = YES_AGGRESSIVE;
				GCC_WARN_UNUSED_FUNCTION = YES;
				GCC_WARN_UNUSED_VARIABLE = YES;
				IPHONEOS_DEPLOYMENT_TARGET = 16.4;
				MTL_ENABLE_DEBUG_INFO = NO;
				MTL_FAST_MATH = YES;
				SDKROOT = iphoneos;
				SWIFT_COMPILATION_MODE = wholemodule;
				SWIFT_OPTIMIZATION_LEVEL = "-O";
				VALIDATE_PRODUCT = YES;
			};
			name = Release;
		};
		AA64DDE62B8680020049476C /* Debug */ = {
			isa = XCBuildConfiguration;
			buildSettings = {
				ASSETCATALOG_COMPILER_APPICON_NAME = AppIcon;
				ASSETCATALOG_COMPILER_GLOBAL_ACCENT_COLOR_NAME = AccentColor;
				CODE_SIGN_STYLE = Automatic;
				CURRENT_PROJECT_VERSION = 1;
				DEVELOPMENT_TEAM = YW89A2JD7V;
				GENERATE_INFOPLIST_FILE = YES;
				INFOPLIST_FILE = InstagramHomeUISnapkit/Resources/Info.plist;
				INFOPLIST_KEY_UIApplicationSupportsIndirectInputEvents = YES;
				INFOPLIST_KEY_UILaunchStoryboardName = LaunchScreen;
				INFOPLIST_KEY_UIMainStoryboardFile = "";
				INFOPLIST_KEY_UISupportedInterfaceOrientations_iPad = "UIInterfaceOrientationPortrait UIInterfaceOrientationPortraitUpsideDown UIInterfaceOrientationLandscapeLeft UIInterfaceOrientationLandscapeRight";
				INFOPLIST_KEY_UISupportedInterfaceOrientations_iPhone = "UIInterfaceOrientationPortrait UIInterfaceOrientationLandscapeLeft UIInterfaceOrientationLandscapeRight";
				IPHONEOS_DEPLOYMENT_TARGET = 16.1;
				LD_RUNPATH_SEARCH_PATHS = (
					"$(inherited)",
					"@executable_path/Frameworks",
				);
				MARKETING_VERSION = 1.0;
				PRODUCT_BUNDLE_IDENTIFIER = com.ugurhmz.InstagramHomeUISnapkit;
				PRODUCT_NAME = "$(TARGET_NAME)";
				SWIFT_EMIT_LOC_STRINGS = YES;
				SWIFT_VERSION = 5.0;
				TARGETED_DEVICE_FAMILY = "1,2";
			};
			name = Debug;
		};
		AA64DDE72B8680020049476C /* Release */ = {
			isa = XCBuildConfiguration;
			buildSettings = {
				ASSETCATALOG_COMPILER_APPICON_NAME = AppIcon;
				ASSETCATALOG_COMPILER_GLOBAL_ACCENT_COLOR_NAME = AccentColor;
				CODE_SIGN_STYLE = Automatic;
				CURRENT_PROJECT_VERSION = 1;
				DEVELOPMENT_TEAM = YW89A2JD7V;
				GENERATE_INFOPLIST_FILE = YES;
				INFOPLIST_FILE = InstagramHomeUISnapkit/Resources/Info.plist;
				INFOPLIST_KEY_UIApplicationSupportsIndirectInputEvents = YES;
				INFOPLIST_KEY_UILaunchStoryboardName = LaunchScreen;
				INFOPLIST_KEY_UIMainStoryboardFile = "";
				INFOPLIST_KEY_UISupportedInterfaceOrientations_iPad = "UIInterfaceOrientationPortrait UIInterfaceOrientationPortraitUpsideDown UIInterfaceOrientationLandscapeLeft UIInterfaceOrientationLandscapeRight";
				INFOPLIST_KEY_UISupportedInterfaceOrientations_iPhone = "UIInterfaceOrientationPortrait UIInterfaceOrientationLandscapeLeft UIInterfaceOrientationLandscapeRight";
				IPHONEOS_DEPLOYMENT_TARGET = 16.1;
				LD_RUNPATH_SEARCH_PATHS = (
					"$(inherited)",
					"@executable_path/Frameworks",
				);
				MARKETING_VERSION = 1.0;
				PRODUCT_BUNDLE_IDENTIFIER = com.ugurhmz.InstagramHomeUISnapkit;
				PRODUCT_NAME = "$(TARGET_NAME)";
				SWIFT_EMIT_LOC_STRINGS = YES;
				SWIFT_VERSION = 5.0;
				TARGETED_DEVICE_FAMILY = "1,2";
			};
			name = Release;
		};
/* End XCBuildConfiguration section */

/* Begin XCConfigurationList section */
		AA64DDCC2B8680020049476C /* Build configuration list for PBXProject "InstagramHomeUISnapkit" */ = {
			isa = XCConfigurationList;
			buildConfigurations = (
				AA64DDE32B8680020049476C /* Debug */,
				AA64DDE42B8680020049476C /* Release */,
			);
			defaultConfigurationIsVisible = 0;
			defaultConfigurationName = Release;
		};
		AA64DDE52B8680020049476C /* Build configuration list for PBXNativeTarget "InstagramHomeUISnapkit" */ = {
			isa = XCConfigurationList;
			buildConfigurations = (
				AA64DDE62B8680020049476C /* Debug */,
				AA64DDE72B8680020049476C /* Release */,
			);
			defaultConfigurationIsVisible = 0;
			defaultConfigurationName = Release;
		};
/* End XCConfigurationList section */

/* Begin XCRemoteSwiftPackageReference section */
		AAA0BB6A2B86824A003647C4 /* XCRemoteSwiftPackageReference "SnapKit" */ = {
			isa = XCRemoteSwiftPackageReference;
			repositoryURL = "https://github.com/SnapKit/SnapKit.git";
			requirement = {
				kind = upToNextMajorVersion;
				minimumVersion = 5.0.0;
			};
		};
/* End XCRemoteSwiftPackageReference section */

/* Begin XCSwiftPackageProductDependency section */
		AAA0BB6B2B86824A003647C4 /* SnapKit */ = {
			isa = XCSwiftPackageProductDependency;
			package = AAA0BB6A2B86824A003647C4 /* XCRemoteSwiftPackageReference "SnapKit" */;
			productName = SnapKit;
		};
/* End XCSwiftPackageProductDependency section */
	};
	rootObject = AA64DDC92B8680020049476C /* Project object */;
}
